
Microsoft Visual Studio Solution File, Format Version 12.00
# Visual Studio Version 17
VisualStudioVersion = 17.1.32210.238
MinimumVisualStudioVersion = 10.0.40219.1
Project("{2150E333-8FDC-42A3-9474-1A3956D46DE8}") = "src", "src", "{3C1D56D1-FD5E-4AC2-AEB8-05951F7C1BBA}"
EndProject
Project("{2150E333-8FDC-42A3-9474-1A3956D46DE8}") = "Building Blocks", "Building Blocks", "{F2DEB87D-6B83-4CFC-A41A-C580A88B00D1}"
EndProject
Project("{2150E333-8FDC-42A3-9474-1A3956D46DE8}") = "Services", "Services", "{7A17766F-6262-47DE-9C10-930CC441B835}"
EndProject
Project("{2150E333-8FDC-42A3-9474-1A3956D46DE8}") = "Web", "Web", "{B625AFAF-BA7B-49D6-AF7E-F86A318902C8}"
EndProject
Project("{2150E333-8FDC-42A3-9474-1A3956D46DE8}") = "Identidade", "Identidade", "{90D7DF6D-5AFD-49B7-86FC-AFDFB2016B5D}"
EndProject
Project("{9A19103F-16F7-4668-BE54-9A1E7A4F7556}") = "NSE.Identidade.API", "src\services\NSE.Identidade.API\NSE.Identidade.API.csproj", "{D554E094-9062-49A7-94F3-A15045A94346}"
EndProject
Project("{2150E333-8FDC-42A3-9474-1A3956D46DE8}") = "MVC", "MVC", "{001C2888-235B-4F4E-B7BA-5FFACC56E0ED}"
EndProject
Project("{9A19103F-16F7-4668-BE54-9A1E7A4F7556}") = "NSE.WebApp.MVC", "src\web\NSE.WebApp.MVC\NSE.WebApp.MVC.csproj", "{328FEFDE-4478-409C-A428-224BFE24EFB1}"
EndProject
Project("{2150E333-8FDC-42A3-9474-1A3956D46DE8}") = "Core", "Core", "{C783D581-5C45-4591-80D5-92E325CFE00E}"
EndProject
Project("{9A19103F-16F7-4668-BE54-9A1E7A4F7556}") = "NSE.Core", "src\building blocks\NSE.Core\NSE.Core.csproj", "{6364993A-4E04-4D04-9A49-3FFED0A35405}"
EndProject
Project("{2150E333-8FDC-42A3-9474-1A3956D46DE8}") = "Carrinho", "Carrinho", "{1253784F-1049-4EDF-92A3-77D6597A897C}"
EndProject
Project("{2150E333-8FDC-42A3-9474-1A3956D46DE8}") = "Catalogo", "Catalogo", "{30BD8D60-AA8A-486C-AA04-C5BA523C6901}"
EndProject
Project("{2150E333-8FDC-42A3-9474-1A3956D46DE8}") = "Cliente", "Cliente", "{D446B06D-F5BE-4CA4-AD40-0438DA441D7B}"
EndProject
Project("{2150E333-8FDC-42A3-9474-1A3956D46DE8}") = "Pagamento", "Pagamento", "{7B450BD3-28E6-465D-9F0C-68F3B1D4DEE3}"
EndProject
Project("{2150E333-8FDC-42A3-9474-1A3956D46DE8}") = "Pedido", "Pedido", "{A2437D89-40FF-40C2-AC69-0C3F2B12A40B}"
EndProject
Project("{9A19103F-16F7-4668-BE54-9A1E7A4F7556}") = "NSE.Carrinho.API", "src\services\NSE.Carrinho.API\NSE.Carrinho.API.csproj", "{D911DE1E-75E4-447C-AD83-36140B9C837F}"
EndProject
Project("{9A19103F-16F7-4668-BE54-9A1E7A4F7556}") = "NSE.Catalogo.API", "src\services\NSE.Catalogo.API\NSE.Catalogo.API.csproj", "{9A67BB57-1D78-4EB1-9D03-0C84301C1D53}"
EndProject
Project("{9A19103F-16F7-4668-BE54-9A1E7A4F7556}") = "NSE.Clientes.API", "src\services\NSE.Cliente.API\NSE.Clientes.API.csproj", "{F123ED27-736C-4348-92BA-A1F7DBE2F94E}"
EndProject
Project("{9A19103F-16F7-4668-BE54-9A1E7A4F7556}") = "NSE.Pagamentos.API", "src\services\NSE.Pagamento.API\NSE.Pagamentos.API.csproj", "{1D54BD86-A8AB-41DF-B670-83BD55DC7305}"
EndProject
Project("{9A19103F-16F7-4668-BE54-9A1E7A4F7556}") = "NSE.Pedidos.API", "src\services\NSE.Pedido.API\NSE.Pedidos.API.csproj", "{D4410050-1DF9-446D-BDEC-42597A8F74B4}"
EndProject
Project("{2150E333-8FDC-42A3-9474-1A3956D46DE8}") = "Services", "Services", "{41554AE3-0635-43FC-9F6F-C61D862F87DA}"
EndProject
Project("{9A19103F-16F7-4668-BE54-9A1E7A4F7556}") = "NSE.WebApi.Core", "src\building blocks\NSE.WebApi.Core\NSE.WebApi.Core.csproj", "{AF22EA03-8EB2-4D3D-8F61-C77039C0EDCB}"
EndProject
Project("{2150E333-8FDC-42A3-9474-1A3956D46DE8}") = "MessageBus", "MessageBus", "{30E21021-7E2C-4725-9524-3A6217C719AE}"
EndProject
Project("{9A19103F-16F7-4668-BE54-9A1E7A4F7556}") = "NSE.MessageBus", "src\building blocks\NSE.MessageBus\NSE.MessageBus.csproj", "{B5ADB836-7725-4FB8-A826-48D017FD17F5}"
EndProject
Project("{2150E333-8FDC-42A3-9474-1A3956D46DE8}") = "ApiGateways", "ApiGateways", "{9FD6AAA1-F173-4A0A-937E-68F18D548057}"
EndProject
Project("{2150E333-8FDC-42A3-9474-1A3956D46DE8}") = "Compras", "Compras", "{3730C43E-5E66-4A68-BC7F-F5FA5D3685CE}"
EndProject
Project("{9A19103F-16F7-4668-BE54-9A1E7A4F7556}") = "NSE.Bff.Compras", "src\api gateways\NSE.Bff.Compras\NSE.Bff.Compras.csproj", "{E6A89EE9-59E2-40A9-AB68-A2301DD1C402}"
EndProject
Project("{9A19103F-16F7-4668-BE54-9A1E7A4F7556}") = "NSE.Pedidos.Domain", "src\services\NSE.Pedidos.Domain\NSE.Pedidos.Domain.csproj", "{1E5474EE-07FC-412A-8DC6-62613A17427D}"
EndProject
Project("{FAE04EC0-301F-11D3-BF4B-00C04F79EFBC}") = "NSE.Pedidos.Infra", "src\services\NSE.Pedidos.Infra\NSE.Pedidos.Infra.csproj", "{FA1A5E52-D62B-4052-88D8-E31F2DC88F8B}"
EndProject
Project("{FAE04EC0-301F-11D3-BF4B-00C04F79EFBC}") = "NSE.Pagamentos.NerdsPag", "src\services\NSE.Pagamentos.NerdsPag\NSE.Pagamentos.NerdsPag.csproj", "{B15AB3B3-923F-46E6-BFD8-56DDD95804E2}"
EndProject
Global
	GlobalSection(SolutionConfigurationPlatforms) = preSolution
		Debug|Any CPU = Debug|Any CPU
		Release|Any CPU = Release|Any CPU
	EndGlobalSection
	GlobalSection(ProjectConfigurationPlatforms) = postSolution
		{D554E094-9062-49A7-94F3-A15045A94346}.Debug|Any CPU.ActiveCfg = Debug|Any CPU
		{D554E094-9062-49A7-94F3-A15045A94346}.Debug|Any CPU.Build.0 = Debug|Any CPU
		{D554E094-9062-49A7-94F3-A15045A94346}.Release|Any CPU.ActiveCfg = Release|Any CPU
		{D554E094-9062-49A7-94F3-A15045A94346}.Release|Any CPU.Build.0 = Release|Any CPU
		{328FEFDE-4478-409C-A428-224BFE24EFB1}.Debug|Any CPU.ActiveCfg = Debug|Any CPU
		{328FEFDE-4478-409C-A428-224BFE24EFB1}.Debug|Any CPU.Build.0 = Debug|Any CPU
		{328FEFDE-4478-409C-A428-224BFE24EFB1}.Release|Any CPU.ActiveCfg = Release|Any CPU
		{328FEFDE-4478-409C-A428-224BFE24EFB1}.Release|Any CPU.Build.0 = Release|Any CPU
		{6364993A-4E04-4D04-9A49-3FFED0A35405}.Debug|Any CPU.ActiveCfg = Debug|Any CPU
		{6364993A-4E04-4D04-9A49-3FFED0A35405}.Debug|Any CPU.Build.0 = Debug|Any CPU
		{6364993A-4E04-4D04-9A49-3FFED0A35405}.Release|Any CPU.ActiveCfg = Release|Any CPU
		{6364993A-4E04-4D04-9A49-3FFED0A35405}.Release|Any CPU.Build.0 = Release|Any CPU
		{D911DE1E-75E4-447C-AD83-36140B9C837F}.Debug|Any CPU.ActiveCfg = Debug|Any CPU
		{D911DE1E-75E4-447C-AD83-36140B9C837F}.Debug|Any CPU.Build.0 = Debug|Any CPU
		{D911DE1E-75E4-447C-AD83-36140B9C837F}.Release|Any CPU.ActiveCfg = Release|Any CPU
		{D911DE1E-75E4-447C-AD83-36140B9C837F}.Release|Any CPU.Build.0 = Release|Any CPU
		{9A67BB57-1D78-4EB1-9D03-0C84301C1D53}.Debug|Any CPU.ActiveCfg = Debug|Any CPU
		{9A67BB57-1D78-4EB1-9D03-0C84301C1D53}.Debug|Any CPU.Build.0 = Debug|Any CPU
		{9A67BB57-1D78-4EB1-9D03-0C84301C1D53}.Release|Any CPU.ActiveCfg = Release|Any CPU
		{9A67BB57-1D78-4EB1-9D03-0C84301C1D53}.Release|Any CPU.Build.0 = Release|Any CPU
		{F123ED27-736C-4348-92BA-A1F7DBE2F94E}.Debug|Any CPU.ActiveCfg = Debug|Any CPU
		{F123ED27-736C-4348-92BA-A1F7DBE2F94E}.Debug|Any CPU.Build.0 = Debug|Any CPU
		{F123ED27-736C-4348-92BA-A1F7DBE2F94E}.Release|Any CPU.ActiveCfg = Release|Any CPU
		{F123ED27-736C-4348-92BA-A1F7DBE2F94E}.Release|Any CPU.Build.0 = Release|Any CPU
		{1D54BD86-A8AB-41DF-B670-83BD55DC7305}.Debug|Any CPU.ActiveCfg = Debug|Any CPU
		{1D54BD86-A8AB-41DF-B670-83BD55DC7305}.Debug|Any CPU.Build.0 = Debug|Any CPU
		{1D54BD86-A8AB-41DF-B670-83BD55DC7305}.Release|Any CPU.ActiveCfg = Release|Any CPU
		{1D54BD86-A8AB-41DF-B670-83BD55DC7305}.Release|Any CPU.Build.0 = Release|Any CPU
		{D4410050-1DF9-446D-BDEC-42597A8F74B4}.Debug|Any CPU.ActiveCfg = Debug|Any CPU
		{D4410050-1DF9-446D-BDEC-42597A8F74B4}.Debug|Any CPU.Build.0 = Debug|Any CPU
		{D4410050-1DF9-446D-BDEC-42597A8F74B4}.Release|Any CPU.ActiveCfg = Release|Any CPU
		{D4410050-1DF9-446D-BDEC-42597A8F74B4}.Release|Any CPU.Build.0 = Release|Any CPU
		{AF22EA03-8EB2-4D3D-8F61-C77039C0EDCB}.Debug|Any CPU.ActiveCfg = Debug|Any CPU
		{AF22EA03-8EB2-4D3D-8F61-C77039C0EDCB}.Debug|Any CPU.Build.0 = Debug|Any CPU
		{AF22EA03-8EB2-4D3D-8F61-C77039C0EDCB}.Release|Any CPU.ActiveCfg = Release|Any CPU
		{AF22EA03-8EB2-4D3D-8F61-C77039C0EDCB}.Release|Any CPU.Build.0 = Release|Any CPU
		{B5ADB836-7725-4FB8-A826-48D017FD17F5}.Debug|Any CPU.ActiveCfg = Debug|Any CPU
		{B5ADB836-7725-4FB8-A826-48D017FD17F5}.Debug|Any CPU.Build.0 = Debug|Any CPU
		{B5ADB836-7725-4FB8-A826-48D017FD17F5}.Release|Any CPU.ActiveCfg = Release|Any CPU
		{B5ADB836-7725-4FB8-A826-48D017FD17F5}.Release|Any CPU.Build.0 = Release|Any CPU
		{E6A89EE9-59E2-40A9-AB68-A2301DD1C402}.Debug|Any CPU.ActiveCfg = Debug|Any CPU
		{E6A89EE9-59E2-40A9-AB68-A2301DD1C402}.Debug|Any CPU.Build.0 = Debug|Any CPU
		{E6A89EE9-59E2-40A9-AB68-A2301DD1C402}.Release|Any CPU.ActiveCfg = Release|Any CPU
		{E6A89EE9-59E2-40A9-AB68-A2301DD1C402}.Release|Any CPU.Build.0 = Release|Any CPU
		{1E5474EE-07FC-412A-8DC6-62613A17427D}.Debug|Any CPU.ActiveCfg = Debug|Any CPU
		{1E5474EE-07FC-412A-8DC6-62613A17427D}.Debug|Any CPU.Build.0 = Debug|Any CPU
		{1E5474EE-07FC-412A-8DC6-62613A17427D}.Release|Any CPU.ActiveCfg = Release|Any CPU
		{1E5474EE-07FC-412A-8DC6-62613A17427D}.Release|Any CPU.Build.0 = Release|Any CPU
		{FA1A5E52-D62B-4052-88D8-E31F2DC88F8B}.Debug|Any CPU.ActiveCfg = Debug|Any CPU
		{FA1A5E52-D62B-4052-88D8-E31F2DC88F8B}.Debug|Any CPU.Build.0 = Debug|Any CPU
		{FA1A5E52-D62B-4052-88D8-E31F2DC88F8B}.Release|Any CPU.ActiveCfg = Release|Any CPU
		{FA1A5E52-D62B-4052-88D8-E31F2DC88F8B}.Release|Any CPU.Build.0 = Release|Any CPU
		{B15AB3B3-923F-46E6-BFD8-56DDD95804E2}.Debug|Any CPU.ActiveCfg = Debug|Any CPU
		{B15AB3B3-923F-46E6-BFD8-56DDD95804E2}.Debug|Any CPU.Build.0 = Debug|Any CPU
		{B15AB3B3-923F-46E6-BFD8-56DDD95804E2}.Release|Any CPU.ActiveCfg = Release|Any CPU
		{B15AB3B3-923F-46E6-BFD8-56DDD95804E2}.Release|Any CPU.Build.0 = Release|Any CPU
	EndGlobalSection
	GlobalSection(SolutionProperties) = preSolution
		HideSolutionNode = FALSE
	EndGlobalSection
	GlobalSection(NestedProjects) = preSolution
		{F2DEB87D-6B83-4CFC-A41A-C580A88B00D1} = {3C1D56D1-FD5E-4AC2-AEB8-05951F7C1BBA}
		{7A17766F-6262-47DE-9C10-930CC441B835} = {3C1D56D1-FD5E-4AC2-AEB8-05951F7C1BBA}
		{B625AFAF-BA7B-49D6-AF7E-F86A318902C8} = {3C1D56D1-FD5E-4AC2-AEB8-05951F7C1BBA}
		{90D7DF6D-5AFD-49B7-86FC-AFDFB2016B5D} = {7A17766F-6262-47DE-9C10-930CC441B835}
		{D554E094-9062-49A7-94F3-A15045A94346} = {90D7DF6D-5AFD-49B7-86FC-AFDFB2016B5D}
		{001C2888-235B-4F4E-B7BA-5FFACC56E0ED} = {B625AFAF-BA7B-49D6-AF7E-F86A318902C8}
		{328FEFDE-4478-409C-A428-224BFE24EFB1} = {001C2888-235B-4F4E-B7BA-5FFACC56E0ED}
		{C783D581-5C45-4591-80D5-92E325CFE00E} = {F2DEB87D-6B83-4CFC-A41A-C580A88B00D1}
		{6364993A-4E04-4D04-9A49-3FFED0A35405} = {C783D581-5C45-4591-80D5-92E325CFE00E}
		{1253784F-1049-4EDF-92A3-77D6597A897C} = {7A17766F-6262-47DE-9C10-930CC441B835}
		{30BD8D60-AA8A-486C-AA04-C5BA523C6901} = {7A17766F-6262-47DE-9C10-930CC441B835}
		{D446B06D-F5BE-4CA4-AD40-0438DA441D7B} = {7A17766F-6262-47DE-9C10-930CC441B835}
		{7B450BD3-28E6-465D-9F0C-68F3B1D4DEE3} = {7A17766F-6262-47DE-9C10-930CC441B835}
		{A2437D89-40FF-40C2-AC69-0C3F2B12A40B} = {7A17766F-6262-47DE-9C10-930CC441B835}
		{D911DE1E-75E4-447C-AD83-36140B9C837F} = {1253784F-1049-4EDF-92A3-77D6597A897C}
		{9A67BB57-1D78-4EB1-9D03-0C84301C1D53} = {30BD8D60-AA8A-486C-AA04-C5BA523C6901}
		{F123ED27-736C-4348-92BA-A1F7DBE2F94E} = {D446B06D-F5BE-4CA4-AD40-0438DA441D7B}
		{1D54BD86-A8AB-41DF-B670-83BD55DC7305} = {7B450BD3-28E6-465D-9F0C-68F3B1D4DEE3}
		{D4410050-1DF9-446D-BDEC-42597A8F74B4} = {A2437D89-40FF-40C2-AC69-0C3F2B12A40B}
		{41554AE3-0635-43FC-9F6F-C61D862F87DA} = {F2DEB87D-6B83-4CFC-A41A-C580A88B00D1}
		{AF22EA03-8EB2-4D3D-8F61-C77039C0EDCB} = {41554AE3-0635-43FC-9F6F-C61D862F87DA}
		{30E21021-7E2C-4725-9524-3A6217C719AE} = {F2DEB87D-6B83-4CFC-A41A-C580A88B00D1}
		{B5ADB836-7725-4FB8-A826-48D017FD17F5} = {30E21021-7E2C-4725-9524-3A6217C719AE}
		{9FD6AAA1-F173-4A0A-937E-68F18D548057} = {3C1D56D1-FD5E-4AC2-AEB8-05951F7C1BBA}
		{3730C43E-5E66-4A68-BC7F-F5FA5D3685CE} = {9FD6AAA1-F173-4A0A-937E-68F18D548057}
		{E6A89EE9-59E2-40A9-AB68-A2301DD1C402} = {3730C43E-5E66-4A68-BC7F-F5FA5D3685CE}
		{1E5474EE-07FC-412A-8DC6-62613A17427D} = {A2437D89-40FF-40C2-AC69-0C3F2B12A40B}
		{FA1A5E52-D62B-4052-88D8-E31F2DC88F8B} = {A2437D89-40FF-40C2-AC69-0C3F2B12A40B}
		{B15AB3B3-923F-46E6-BFD8-56DDD95804E2} = {7B450BD3-28E6-465D-9F0C-68F3B1D4DEE3}
	EndGlobalSection
	GlobalSection(ExtensibilityGlobals) = postSolution
		SolutionGuid = {87482137-BFED-4E83-ABBA-77270E78D646}
	EndGlobalSection
EndGlobal
