
Microsoft Visual Studio Solution File, Format Version 12.00
# Visual Studio Version 17
VisualStudioVersion = 17.1.32210.238
MinimumVisualStudioVersion = 10.0.40219.1
Project("{2150E333-8FDC-42A3-9474-1A3956D46DE8}") = "src", "src", "{3C1D56D1-FD5E-4AC2-AEB8-05951F7C1BBA}"
EndProject
Project("{2150E333-8FDC-42A3-9474-1A3956D46DE8}") = "Building Blocks", "Building Blocks", "{F2DEB87D-6B83-4CFC-A41A-C580A88B00D1}"
EndProject
Project("{2150E333-8FDC-42A3-9474-1A3956D46DE8}") = "Services", "Services", "{7A17766F-6262-47DE-9C10-930CC441B835}"
EndProject
Project("{2150E333-8FDC-42A3-9474-1A3956D46DE8}") = "Web", "Web", "{B625AFAF-BA7B-49D6-AF7E-F86A318902C8}"
EndProject
Project("{2150E333-8FDC-42A3-9474-1A3956D46DE8}") = "Identidade", "Identidade", "{90D7DF6D-5AFD-49B7-86FC-AFDFB2016B5D}"
EndProject
Project("{FAE04EC0-301F-11D3-BF4B-00C04F79EFBC}") = "NSE.Identidade.API", "src\services\NSE.Identidade.API\NSE.Identidade.API.csproj", "{D554E094-9062-49A7-94F3-A15045A94346}"
EndProject
Project("{2150E333-8FDC-42A3-9474-1A3956D46DE8}") = "MVC", "MVC", "{001C2888-235B-4F4E-B7BA-5FFACC56E0ED}"
EndProject
Project("{FAE04EC0-301F-11D3-BF4B-00C04F79EFBC}") = "NSE.WebApp.MVC", "src\web\NSE.WebApp.MVC\NSE.WebApp.MVC.csproj", "{328FEFDE-4478-409C-A428-224BFE24EFB1}"
EndProject
Project("{2150E333-8FDC-42A3-9474-1A3956D46DE8}") = "Core", "Core", "{C783D581-5C45-4591-80D5-92E325CFE00E}"
EndProject
Project("{FAE04EC0-301F-11D3-BF4B-00C04F79EFBC}") = "NSE.Core", "src\building blocks\NSE.Core\NSE.Core.csproj", "{6364993A-4E04-4D04-9A49-3FFED0A35405}"
EndProject
Project("{2150E333-8FDC-42A3-9474-1A3956D46DE8}") = "Carrinho", "Carrinho", "{1253784F-1049-4EDF-92A3-77D6597A897C}"
EndProject
Project("{2150E333-8FDC-42A3-9474-1A3956D46DE8}") = "Catalogo", "Catalogo", "{30BD8D60-AA8A-486C-AA04-C5BA523C6901}"
EndProject
Project("{2150E333-8FDC-42A3-9474-1A3956D46DE8}") = "Cliente", "Cliente", "{D446B06D-F5BE-4CA4-AD40-0438DA441D7B}"
EndProject
Project("{2150E333-8FDC-42A3-9474-1A3956D46DE8}") = "Pagamento", "Pagamento", "{7B450BD3-28E6-465D-9F0C-68F3B1D4DEE3}"
EndProject
Project("{2150E333-8FDC-42A3-9474-1A3956D46DE8}") = "Pedido", "Pedido", "{A2437D89-40FF-40C2-AC69-0C3F2B12A40B}"
EndProject
Project("{FAE04EC0-301F-11D3-BF4B-00C04F79EFBC}") = "NSE.Carrinho.API", "src\services\NSE.Carrinho.API\NSE.Carrinho.API.csproj", "{D911DE1E-75E4-447C-AD83-36140B9C837F}"
EndProject
Project("{FAE04EC0-301F-11D3-BF4B-00C04F79EFBC}") = "NSE.Catalogo.API", "src\services\NSE.Catalogo.API\NSE.Catalogo.API.csproj", "{9A67BB57-1D78-4EB1-9D03-0C84301C1D53}"
EndProject
Project("{FAE04EC0-301F-11D3-BF4B-00C04F79EFBC}") = "NSE.Cliente.API", "src\services\NSE.Cliente.API\NSE.Cliente.API.csproj", "{F123ED27-736C-4348-92BA-A1F7DBE2F94E}"
EndProject
Project("{FAE04EC0-301F-11D3-BF4B-00C04F79EFBC}") = "NSE.Pagamento.API", "src\services\NSE.Pagamento.API\NSE.Pagamento.API.csproj", "{1D54BD86-A8AB-41DF-B670-83BD55DC7305}"
EndProject
Project("{FAE04EC0-301F-11D3-BF4B-00C04F79EFBC}") = "NSE.Pedido.API", "src\services\NSE.Pedido.API\NSE.Pedido.API.csproj", "{D4410050-1DF9-446D-BDEC-42597A8F74B4}"
EndProject
Global
	GlobalSection(SolutionConfigurationPlatforms) = preSolution
		Debug|Any CPU = Debug|Any CPU
		Release|Any CPU = Release|Any CPU
	EndGlobalSection
	GlobalSection(ProjectConfigurationPlatforms) = postSolution
		{D554E094-9062-49A7-94F3-A15045A94346}.Debug|Any CPU.ActiveCfg = Debug|Any CPU
		{D554E094-9062-49A7-94F3-A15045A94346}.Debug|Any CPU.Build.0 = Debug|Any CPU
		{D554E094-9062-49A7-94F3-A15045A94346}.Release|Any CPU.ActiveCfg = Release|Any CPU
		{D554E094-9062-49A7-94F3-A15045A94346}.Release|Any CPU.Build.0 = Release|Any CPU
		{328FEFDE-4478-409C-A428-224BFE24EFB1}.Debug|Any CPU.ActiveCfg = Debug|Any CPU
		{328FEFDE-4478-409C-A428-224BFE24EFB1}.Debug|Any CPU.Build.0 = Debug|Any CPU
		{328FEFDE-4478-409C-A428-224BFE24EFB1}.Release|Any CPU.ActiveCfg = Release|Any CPU
		{328FEFDE-4478-409C-A428-224BFE24EFB1}.Release|Any CPU.Build.0 = Release|Any CPU
		{6364993A-4E04-4D04-9A49-3FFED0A35405}.Debug|Any CPU.ActiveCfg = Debug|Any CPU
		{6364993A-4E04-4D04-9A49-3FFED0A35405}.Debug|Any CPU.Build.0 = Debug|Any CPU
		{6364993A-4E04-4D04-9A49-3FFED0A35405}.Release|Any CPU.ActiveCfg = Release|Any CPU
		{6364993A-4E04-4D04-9A49-3FFED0A35405}.Release|Any CPU.Build.0 = Release|Any CPU
		{D911DE1E-75E4-447C-AD83-36140B9C837F}.Debug|Any CPU.ActiveCfg = Debug|Any CPU
		{D911DE1E-75E4-447C-AD83-36140B9C837F}.Debug|Any CPU.Build.0 = Debug|Any CPU
		{D911DE1E-75E4-447C-AD83-36140B9C837F}.Release|Any CPU.ActiveCfg = Release|Any CPU
		{D911DE1E-75E4-447C-AD83-36140B9C837F}.Release|Any CPU.Build.0 = Release|Any CPU
		{9A67BB57-1D78-4EB1-9D03-0C84301C1D53}.Debug|Any CPU.ActiveCfg = Debug|Any CPU
		{9A67BB57-1D78-4EB1-9D03-0C84301C1D53}.Debug|Any CPU.Build.0 = Debug|Any CPU
		{9A67BB57-1D78-4EB1-9D03-0C84301C1D53}.Release|Any CPU.ActiveCfg = Release|Any CPU
		{9A67BB57-1D78-4EB1-9D03-0C84301C1D53}.Release|Any CPU.Build.0 = Release|Any CPU
		{F123ED27-736C-4348-92BA-A1F7DBE2F94E}.Debug|Any CPU.ActiveCfg = Debug|Any CPU
		{F123ED27-736C-4348-92BA-A1F7DBE2F94E}.Debug|Any CPU.Build.0 = Debug|Any CPU
		{F123ED27-736C-4348-92BA-A1F7DBE2F94E}.Release|Any CPU.ActiveCfg = Release|Any CPU
		{F123ED27-736C-4348-92BA-A1F7DBE2F94E}.Release|Any CPU.Build.0 = Release|Any CPU
		{1D54BD86-A8AB-41DF-B670-83BD55DC7305}.Debug|Any CPU.ActiveCfg = Debug|Any CPU
		{1D54BD86-A8AB-41DF-B670-83BD55DC7305}.Debug|Any CPU.Build.0 = Debug|Any CPU
		{1D54BD86-A8AB-41DF-B670-83BD55DC7305}.Release|Any CPU.ActiveCfg = Release|Any CPU
		{1D54BD86-A8AB-41DF-B670-83BD55DC7305}.Release|Any CPU.Build.0 = Release|Any CPU
		{D4410050-1DF9-446D-BDEC-42597A8F74B4}.Debug|Any CPU.ActiveCfg = Debug|Any CPU
		{D4410050-1DF9-446D-BDEC-42597A8F74B4}.Debug|Any CPU.Build.0 = Debug|Any CPU
		{D4410050-1DF9-446D-BDEC-42597A8F74B4}.Release|Any CPU.ActiveCfg = Release|Any CPU
		{D4410050-1DF9-446D-BDEC-42597A8F74B4}.Release|Any CPU.Build.0 = Release|Any CPU
	EndGlobalSection
	GlobalSection(SolutionProperties) = preSolution
		HideSolutionNode = FALSE
	EndGlobalSection
	GlobalSection(NestedProjects) = preSolution
		{F2DEB87D-6B83-4CFC-A41A-C580A88B00D1} = {3C1D56D1-FD5E-4AC2-AEB8-05951F7C1BBA}
		{7A17766F-6262-47DE-9C10-930CC441B835} = {3C1D56D1-FD5E-4AC2-AEB8-05951F7C1BBA}
		{B625AFAF-BA7B-49D6-AF7E-F86A318902C8} = {3C1D56D1-FD5E-4AC2-AEB8-05951F7C1BBA}
		{90D7DF6D-5AFD-49B7-86FC-AFDFB2016B5D} = {7A17766F-6262-47DE-9C10-930CC441B835}
		{D554E094-9062-49A7-94F3-A15045A94346} = {90D7DF6D-5AFD-49B7-86FC-AFDFB2016B5D}
		{001C2888-235B-4F4E-B7BA-5FFACC56E0ED} = {B625AFAF-BA7B-49D6-AF7E-F86A318902C8}
		{328FEFDE-4478-409C-A428-224BFE24EFB1} = {001C2888-235B-4F4E-B7BA-5FFACC56E0ED}
		{C783D581-5C45-4591-80D5-92E325CFE00E} = {F2DEB87D-6B83-4CFC-A41A-C580A88B00D1}
		{6364993A-4E04-4D04-9A49-3FFED0A35405} = {C783D581-5C45-4591-80D5-92E325CFE00E}
		{1253784F-1049-4EDF-92A3-77D6597A897C} = {7A17766F-6262-47DE-9C10-930CC441B835}
		{30BD8D60-AA8A-486C-AA04-C5BA523C6901} = {7A17766F-6262-47DE-9C10-930CC441B835}
		{D446B06D-F5BE-4CA4-AD40-0438DA441D7B} = {7A17766F-6262-47DE-9C10-930CC441B835}
		{7B450BD3-28E6-465D-9F0C-68F3B1D4DEE3} = {7A17766F-6262-47DE-9C10-930CC441B835}
		{A2437D89-40FF-40C2-AC69-0C3F2B12A40B} = {7A17766F-6262-47DE-9C10-930CC441B835}
		{D911DE1E-75E4-447C-AD83-36140B9C837F} = {1253784F-1049-4EDF-92A3-77D6597A897C}
		{9A67BB57-1D78-4EB1-9D03-0C84301C1D53} = {30BD8D60-AA8A-486C-AA04-C5BA523C6901}
		{F123ED27-736C-4348-92BA-A1F7DBE2F94E} = {D446B06D-F5BE-4CA4-AD40-0438DA441D7B}
		{1D54BD86-A8AB-41DF-B670-83BD55DC7305} = {7B450BD3-28E6-465D-9F0C-68F3B1D4DEE3}
		{D4410050-1DF9-446D-BDEC-42597A8F74B4} = {A2437D89-40FF-40C2-AC69-0C3F2B12A40B}
	EndGlobalSection
	GlobalSection(ExtensibilityGlobals) = postSolution
		SolutionGuid = {87482137-BFED-4E83-ABBA-77270E78D646}
	EndGlobalSection
EndGlobal
